// !$*UTF8*$!
{
	archiveVersion = 1;
	classes = {
	};
	objectVersion = 54;
	objects = {

/* Begin PBXBuildFile section */
		7CC62565273C2A9200F87758 /* Quake+Color.swift in Sources */ = {isa = PBXBuildFile; fileRef = 7CC62564273C2A9200F87758 /* Quake+Color.swift */; };
		AA2F4EB4276BACEC009837CD /* QuakeMagnitude.swift in Sources */ = {isa = PBXBuildFile; fileRef = AA2F4EB3276BACEC009837CD /* QuakeMagnitude.swift */; };
		AA865922286A11CE00A8C380 /* QuakeError.swift in Sources */ = {isa = PBXBuildFile; fileRef = AA86591F286A11CE00A8C380 /* QuakeError.swift */; };
		AA865923286A11CE00A8C380 /* QuakeLocation.swift in Sources */ = {isa = PBXBuildFile; fileRef = AA865920286A11CE00A8C380 /* QuakeLocation.swift */; };
		AA865924286A11CE00A8C380 /* GeoJSON.swift in Sources */ = {isa = PBXBuildFile; fileRef = AA865921286A11CE00A8C380 /* GeoJSON.swift */; };
		AA86592C286A11E000A8C380 /* EarthquakesTests.swift in Sources */ = {isa = PBXBuildFile; fileRef = AA86592B286A11E000A8C380 /* EarthquakesTests.swift */; };
		AA865936286A15AB00A8C380 /* TestData.swift in Sources */ = {isa = PBXBuildFile; fileRef = AA865932286A121300A8C380 /* TestData.swift */; };
		AA86593A286A15D500A8C380 /* QuakesProvider.swift in Sources */ = {isa = PBXBuildFile; fileRef = AA865938286A15D500A8C380 /* QuakesProvider.swift */; };
		AA86593B286A15D500A8C380 /* QuakeClient.swift in Sources */ = {isa = PBXBuildFile; fileRef = AA865939286A15D500A8C380 /* QuakeClient.swift */; };
		AA86593D286A160900A8C380 /* HTTPDataDownloader.swift in Sources */ = {isa = PBXBuildFile; fileRef = AA86593C286A160900A8C380 /* HTTPDataDownloader.swift */; };
		AA86593E286A162000A8C380 /* TestDownloader.swift in Sources */ = {isa = PBXBuildFile; fileRef = AA865934286A15A800A8C380 /* TestDownloader.swift */; };
		AA988DD327E900B6004EA073 /* Quakes+Toolbar.swift in Sources */ = {isa = PBXBuildFile; fileRef = AA988DD227E900B6004EA073 /* Quakes+Toolbar.swift */; };
		AA988DD527E9016A004EA073 /* SelectButton.swift in Sources */ = {isa = PBXBuildFile; fileRef = AA988DD427E9016A004EA073 /* SelectButton.swift */; };
		AA988DD927E901B0004EA073 /* RefreshButton.swift in Sources */ = {isa = PBXBuildFile; fileRef = AA988DD827E901B0004EA073 /* RefreshButton.swift */; };
		AA988DDB27E9028A004EA073 /* ToolbarStatus.swift in Sources */ = {isa = PBXBuildFile; fileRef = AA988DDA27E9028A004EA073 /* ToolbarStatus.swift */; };
		AA988DDD27E9030A004EA073 /* DeleteButton.swift in Sources */ = {isa = PBXBuildFile; fileRef = AA988DDC27E9030A004EA073 /* DeleteButton.swift */; };
		AD43F1E626158A640068AABC /* EarthquakesApp.swift in Sources */ = {isa = PBXBuildFile; fileRef = AD43F1E526158A640068AABC /* EarthquakesApp.swift */; };
		AD43F1EA26158A660068AABC /* Assets.xcassets in Resources */ = {isa = PBXBuildFile; fileRef = AD43F1E926158A660068AABC /* Assets.xcassets */; };
		AD43F1ED26158A660068AABC /* Preview Assets.xcassets in Resources */ = {isa = PBXBuildFile; fileRef = AD43F1EC26158A660068AABC /* Preview Assets.xcassets */; };
		AD43F1FA26158CD50068AABC /* Quake.swift in Sources */ = {isa = PBXBuildFile; fileRef = AD43F1F826158CD50068AABC /* Quake.swift */; };
		AD57B10226561FE1005183D0 /* Quakes.swift in Sources */ = {isa = PBXBuildFile; fileRef = AD57B10126561FE1005183D0 /* Quakes.swift */; };
		ADDDB1812625242200241A73 /* QuakeRow.swift in Sources */ = {isa = PBXBuildFile; fileRef = ADDDB1802625242200241A73 /* QuakeRow.swift */; };
		FA677DF62B80A516000F2946 /* WidgetKit.framework in Frameworks */ = {isa = PBXBuildFile; fileRef = FA8065082B7FE21300CB0B4A /* WidgetKit.framework */; };
		FA677DF72B80A516000F2946 /* SwiftUI.framework in Frameworks */ = {isa = PBXBuildFile; fileRef = FA80650A2B7FE21300CB0B4A /* SwiftUI.framework */; };
		FA677DFA2B80A516000F2946 /* QuakeWidgetBundle.swift in Sources */ = {isa = PBXBuildFile; fileRef = FA677DF92B80A516000F2946 /* QuakeWidgetBundle.swift */; };
		FA677DFE2B80A516000F2946 /* QuakeWidget.swift in Sources */ = {isa = PBXBuildFile; fileRef = FA677DFD2B80A516000F2946 /* QuakeWidget.swift */; };
		FA677E022B80A517000F2946 /* Assets.xcassets in Resources */ = {isa = PBXBuildFile; fileRef = FA677E012B80A517000F2946 /* Assets.xcassets */; };
		FA677E062B80A517000F2946 /* QuakeWidgetExtension.appex in Embed Foundation Extensions */ = {isa = PBXBuildFile; fileRef = FA677DF52B80A516000F2946 /* QuakeWidgetExtension.appex */; settings = {ATTRIBUTES = (RemoveHeadersOnCopy, ); }; };
		FA677E0A2B80A521000F2946 /* QuakeWidget.swift in Sources */ = {isa = PBXBuildFile; fileRef = FA677DFD2B80A516000F2946 /* QuakeWidget.swift */; };
		FA677E0B2B80A522000F2946 /* QuakeWidget.swift in Sources */ = {isa = PBXBuildFile; fileRef = FA677DFD2B80A516000F2946 /* QuakeWidget.swift */; };
		FA677E0C2B80AA0D000F2946 /* Quake.swift in Sources */ = {isa = PBXBuildFile; fileRef = AD43F1F826158CD50068AABC /* Quake.swift */; };
		FA677E0D2B80AA0E000F2946 /* Quake.swift in Sources */ = {isa = PBXBuildFile; fileRef = AD43F1F826158CD50068AABC /* Quake.swift */; };
		FA677E0E2B80AA15000F2946 /* QuakeMagnitude.swift in Sources */ = {isa = PBXBuildFile; fileRef = AA2F4EB3276BACEC009837CD /* QuakeMagnitude.swift */; };
		FA677E0F2B80AA16000F2946 /* QuakeMagnitude.swift in Sources */ = {isa = PBXBuildFile; fileRef = AA2F4EB3276BACEC009837CD /* QuakeMagnitude.swift */; };
		FA677E102B80AA1A000F2946 /* QuakesProvider.swift in Sources */ = {isa = PBXBuildFile; fileRef = AA865938286A15D500A8C380 /* QuakesProvider.swift */; };
		FA677E112B80AA1A000F2946 /* QuakesProvider.swift in Sources */ = {isa = PBXBuildFile; fileRef = AA865938286A15D500A8C380 /* QuakesProvider.swift */; };
		FA677E122B80AA35000F2946 /* Quake+Color.swift in Sources */ = {isa = PBXBuildFile; fileRef = 7CC62564273C2A9200F87758 /* Quake+Color.swift */; };
		FA677E132B80AA36000F2946 /* Quake+Color.swift in Sources */ = {isa = PBXBuildFile; fileRef = 7CC62564273C2A9200F87758 /* Quake+Color.swift */; };
		FA677E142B80AA39000F2946 /* QuakeLocation.swift in Sources */ = {isa = PBXBuildFile; fileRef = AA865920286A11CE00A8C380 /* QuakeLocation.swift */; };
		FA677E152B80AA39000F2946 /* QuakeLocation.swift in Sources */ = {isa = PBXBuildFile; fileRef = AA865920286A11CE00A8C380 /* QuakeLocation.swift */; };
		FA677E162B80AA3B000F2946 /* QuakeClient.swift in Sources */ = {isa = PBXBuildFile; fileRef = AA865939286A15D500A8C380 /* QuakeClient.swift */; };
		FA677E172B80AA3C000F2946 /* QuakeClient.swift in Sources */ = {isa = PBXBuildFile; fileRef = AA865939286A15D500A8C380 /* QuakeClient.swift */; };
		FA677E182B80AA64000F2946 /* CacheEntryObject.swift in Sources */ = {isa = PBXBuildFile; fileRef = FA6970322B790C140005FA13 /* CacheEntryObject.swift */; };
		FA677E192B80AA64000F2946 /* CacheEntryObject.swift in Sources */ = {isa = PBXBuildFile; fileRef = FA6970322B790C140005FA13 /* CacheEntryObject.swift */; };
		FA677E1A2B80AA67000F2946 /* NSCacheSubscript.swift in Sources */ = {isa = PBXBuildFile; fileRef = FA6970342B790C8B0005FA13 /* NSCacheSubscript.swift */; };
		FA677E1B2B80AA67000F2946 /* NSCacheSubscript.swift in Sources */ = {isa = PBXBuildFile; fileRef = FA6970342B790C8B0005FA13 /* NSCacheSubscript.swift */; };
		FA677E1E2B80AA70000F2946 /* GeoJSON.swift in Sources */ = {isa = PBXBuildFile; fileRef = AA865921286A11CE00A8C380 /* GeoJSON.swift */; };
		FA677E1F2B80AA70000F2946 /* GeoJSON.swift in Sources */ = {isa = PBXBuildFile; fileRef = AA865921286A11CE00A8C380 /* GeoJSON.swift */; };
		FA677E202B80AA72000F2946 /* QuakeError.swift in Sources */ = {isa = PBXBuildFile; fileRef = AA86591F286A11CE00A8C380 /* QuakeError.swift */; };
		FA677E212B80AA72000F2946 /* QuakeError.swift in Sources */ = {isa = PBXBuildFile; fileRef = AA86591F286A11CE00A8C380 /* QuakeError.swift */; };
		FA677E222B80AA76000F2946 /* HTTPDataDownloader.swift in Sources */ = {isa = PBXBuildFile; fileRef = AA86593C286A160900A8C380 /* HTTPDataDownloader.swift */; };
		FA677E232B80AA77000F2946 /* HTTPDataDownloader.swift in Sources */ = {isa = PBXBuildFile; fileRef = AA86593C286A160900A8C380 /* HTTPDataDownloader.swift */; };
		FA677E242B80AA7D000F2946 /* AllQuakesMap.swift in Sources */ = {isa = PBXBuildFile; fileRef = FABD4C5F2B7D21C800EDBE2D /* AllQuakesMap.swift */; };
		FA677E252B80AA7E000F2946 /* AllQuakesMap.swift in Sources */ = {isa = PBXBuildFile; fileRef = FABD4C5F2B7D21C800EDBE2D /* AllQuakesMap.swift */; };
		FA677E262B80AA83000F2946 /* Quakes.swift in Sources */ = {isa = PBXBuildFile; fileRef = AD57B10126561FE1005183D0 /* Quakes.swift */; };
		FA677E272B80AA84000F2946 /* Quakes.swift in Sources */ = {isa = PBXBuildFile; fileRef = AD57B10126561FE1005183D0 /* Quakes.swift */; };
		FA677E282B80AA8B000F2946 /* QuakeDetailMapView.swift in Sources */ = {isa = PBXBuildFile; fileRef = FA69703A2B7919E10005FA13 /* QuakeDetailMapView.swift */; };
		FA677E292B80AA8B000F2946 /* QuakeDetailMapView.swift in Sources */ = {isa = PBXBuildFile; fileRef = FA69703A2B7919E10005FA13 /* QuakeDetailMapView.swift */; };
		FA677E2A2B80AA8D000F2946 /* QuakeDetailView.swift in Sources */ = {isa = PBXBuildFile; fileRef = FA6970382B7914950005FA13 /* QuakeDetailView.swift */; };
		FA677E2B2B80AA8E000F2946 /* QuakeDetailView.swift in Sources */ = {isa = PBXBuildFile; fileRef = FA6970382B7914950005FA13 /* QuakeDetailView.swift */; };
		FA677E2C2B80AA90000F2946 /* QuakeRow.swift in Sources */ = {isa = PBXBuildFile; fileRef = ADDDB1802625242200241A73 /* QuakeRow.swift */; };
		FA677E2D2B80AA90000F2946 /* QuakeRow.swift in Sources */ = {isa = PBXBuildFile; fileRef = ADDDB1802625242200241A73 /* QuakeRow.swift */; };
		FA677E2E2B80AA99000F2946 /* Quakes+Toolbar.swift in Sources */ = {isa = PBXBuildFile; fileRef = AA988DD227E900B6004EA073 /* Quakes+Toolbar.swift */; };
		FA677E2F2B80AA9C000F2946 /* Quakes+Toolbar.swift in Sources */ = {isa = PBXBuildFile; fileRef = AA988DD227E900B6004EA073 /* Quakes+Toolbar.swift */; };
		FA677E302B80AAA4000F2946 /* SelectButton.swift in Sources */ = {isa = PBXBuildFile; fileRef = AA988DD427E9016A004EA073 /* SelectButton.swift */; };
		FA677E312B80AAA5000F2946 /* SelectButton.swift in Sources */ = {isa = PBXBuildFile; fileRef = AA988DD427E9016A004EA073 /* SelectButton.swift */; };
		FA677E322B80AAA7000F2946 /* EditButton.swift in Sources */ = {isa = PBXBuildFile; fileRef = AA988DD627E90189004EA073 /* EditButton.swift */; };
		FA677E332B80AAA8000F2946 /* EditButton.swift in Sources */ = {isa = PBXBuildFile; fileRef = AA988DD627E90189004EA073 /* EditButton.swift */; };
		FA677E342B80AAA8000F2946 /* EditButton.swift in Sources */ = {isa = PBXBuildFile; fileRef = AA988DD627E90189004EA073 /* EditButton.swift */; };
		FA677E352B80AAAB000F2946 /* RefreshButton.swift in Sources */ = {isa = PBXBuildFile; fileRef = AA988DD827E901B0004EA073 /* RefreshButton.swift */; };
		FA677E362B80AAAC000F2946 /* RefreshButton.swift in Sources */ = {isa = PBXBuildFile; fileRef = AA988DD827E901B0004EA073 /* RefreshButton.swift */; };
		FA677E372B80AAAE000F2946 /* ToolbarStatus.swift in Sources */ = {isa = PBXBuildFile; fileRef = AA988DDA27E9028A004EA073 /* ToolbarStatus.swift */; };
		FA677E382B80AAAE000F2946 /* ToolbarStatus.swift in Sources */ = {isa = PBXBuildFile; fileRef = AA988DDA27E9028A004EA073 /* ToolbarStatus.swift */; };
		FA677E392B80AAB0000F2946 /* DeleteButton.swift in Sources */ = {isa = PBXBuildFile; fileRef = AA988DDC27E9030A004EA073 /* DeleteButton.swift */; };
		FA677E3A2B80AAB1000F2946 /* DeleteButton.swift in Sources */ = {isa = PBXBuildFile; fileRef = AA988DDC27E9030A004EA073 /* DeleteButton.swift */; };
		FA677E3B2B80AAB5000F2946 /* QuakePreview.swift in Sources */ = {isa = PBXBuildFile; fileRef = FA6970362B79142D0005FA13 /* QuakePreview.swift */; };
		FA677E3C2B80AAB6000F2946 /* QuakePreview.swift in Sources */ = {isa = PBXBuildFile; fileRef = FA6970362B79142D0005FA13 /* QuakePreview.swift */; };
		FA677E3D2B80AAB9000F2946 /* TestDownloader.swift in Sources */ = {isa = PBXBuildFile; fileRef = AA865934286A15A800A8C380 /* TestDownloader.swift */; };
		FA677E3E2B80AABA000F2946 /* TestDownloader.swift in Sources */ = {isa = PBXBuildFile; fileRef = AA865934286A15A800A8C380 /* TestDownloader.swift */; };
		FA677E3F2B80AABC000F2946 /* TestData.swift in Sources */ = {isa = PBXBuildFile; fileRef = AA865932286A121300A8C380 /* TestData.swift */; };
		FA677E402B80AABC000F2946 /* TestData.swift in Sources */ = {isa = PBXBuildFile; fileRef = AA865932286A121300A8C380 /* TestData.swift */; };
		FA6970332B790C140005FA13 /* CacheEntryObject.swift in Sources */ = {isa = PBXBuildFile; fileRef = FA6970322B790C140005FA13 /* CacheEntryObject.swift */; };
		FA6970352B790C8B0005FA13 /* NSCacheSubscript.swift in Sources */ = {isa = PBXBuildFile; fileRef = FA6970342B790C8B0005FA13 /* NSCacheSubscript.swift */; };
		FA6970372B79142D0005FA13 /* QuakePreview.swift in Sources */ = {isa = PBXBuildFile; fileRef = FA6970362B79142D0005FA13 /* QuakePreview.swift */; };
		FA6970392B7914950005FA13 /* QuakeDetailView.swift in Sources */ = {isa = PBXBuildFile; fileRef = FA6970382B7914950005FA13 /* QuakeDetailView.swift */; };
		FA69703B2B7919E10005FA13 /* QuakeDetailMapView.swift in Sources */ = {isa = PBXBuildFile; fileRef = FA69703A2B7919E10005FA13 /* QuakeDetailMapView.swift */; };
		FABD4C602B7D21C800EDBE2D /* AllQuakesMap.swift in Sources */ = {isa = PBXBuildFile; fileRef = FABD4C5F2B7D21C800EDBE2D /* AllQuakesMap.swift */; };
/* End PBXBuildFile section */

/* Begin PBXContainerItemProxy section */
		AA86592D286A11E000A8C380 /* PBXContainerItemProxy */ = {
			isa = PBXContainerItemProxy;
			containerPortal = AD43F1DA26158A630068AABC /* Project object */;
			proxyType = 1;
			remoteGlobalIDString = AD43F1E126158A640068AABC;
			remoteInfo = "Earthquakes-iOS";
		};
		FA677E042B80A517000F2946 /* PBXContainerItemProxy */ = {
			isa = PBXContainerItemProxy;
			containerPortal = AD43F1DA26158A630068AABC /* Project object */;
			proxyType = 1;
			remoteGlobalIDString = FA677DF42B80A516000F2946;
			remoteInfo = QuakeWidgetExtension;
		};
/* End PBXContainerItemProxy section */

/* Begin PBXCopyFilesBuildPhase section */
		FA80651E2B7FE21500CB0B4A /* Embed Foundation Extensions */ = {
			isa = PBXCopyFilesBuildPhase;
			buildActionMask = 8;
			dstPath = "";
			dstSubfolderSpec = 13;
			files = (
				FA677E062B80A517000F2946 /* QuakeWidgetExtension.appex in Embed Foundation Extensions */,
			);
			name = "Embed Foundation Extensions";
			runOnlyForDeploymentPostprocessing = 1;
		};
/* End PBXCopyFilesBuildPhase section */

/* Begin PBXFileReference section */
		20E8E62C4A6D78D282B06BA8 /* ACKNOWLEDGEMENTS.txt */ = {isa = PBXFileReference; includeInIndex = 1; lastKnownFileType = text; path = ACKNOWLEDGEMENTS.txt; sourceTree = "<group>"; };
		54CF5BED3CD9DE525986B01C /* LICENSE.txt */ = {isa = PBXFileReference; includeInIndex = 1; lastKnownFileType = text; path = LICENSE.txt; sourceTree = "<group>"; };
		6EC8C05DC1E92B40CD3EBA87 /* SampleCode.xcconfig */ = {isa = PBXFileReference; lastKnownFileType = text.xcconfig; name = SampleCode.xcconfig; path = Configuration/SampleCode.xcconfig; sourceTree = "<group>"; };
		7CC62564273C2A9200F87758 /* Quake+Color.swift */ = {isa = PBXFileReference; lastKnownFileType = sourcecode.swift; path = "Quake+Color.swift"; sourceTree = "<group>"; };
		AA2F4EAF276BA585009837CD /* README.md */ = {isa = PBXFileReference; lastKnownFileType = net.daringfireball.markdown; path = README.md; sourceTree = "<group>"; };
		AA2F4EB3276BACEC009837CD /* QuakeMagnitude.swift */ = {isa = PBXFileReference; lastKnownFileType = sourcecode.swift; name = QuakeMagnitude.swift; path = Earthquakes/Views/QuakeMagnitude.swift; sourceTree = SOURCE_ROOT; };
		AA86591F286A11CE00A8C380 /* QuakeError.swift */ = {isa = PBXFileReference; fileEncoding = 4; lastKnownFileType = sourcecode.swift; path = QuakeError.swift; sourceTree = "<group>"; };
		AA865920286A11CE00A8C380 /* QuakeLocation.swift */ = {isa = PBXFileReference; fileEncoding = 4; lastKnownFileType = sourcecode.swift; path = QuakeLocation.swift; sourceTree = "<group>"; };
		AA865921286A11CE00A8C380 /* GeoJSON.swift */ = {isa = PBXFileReference; fileEncoding = 4; lastKnownFileType = sourcecode.swift; path = GeoJSON.swift; sourceTree = "<group>"; };
		AA865929286A11E000A8C380 /* EarthquakesTests.xctest */ = {isa = PBXFileReference; explicitFileType = wrapper.cfbundle; includeInIndex = 0; path = EarthquakesTests.xctest; sourceTree = BUILT_PRODUCTS_DIR; };
		AA86592B286A11E000A8C380 /* EarthquakesTests.swift */ = {isa = PBXFileReference; lastKnownFileType = sourcecode.swift; path = EarthquakesTests.swift; sourceTree = "<group>"; };
		AA865932286A121300A8C380 /* TestData.swift */ = {isa = PBXFileReference; fileEncoding = 4; lastKnownFileType = sourcecode.swift; path = TestData.swift; sourceTree = "<group>"; };
		AA865934286A15A800A8C380 /* TestDownloader.swift */ = {isa = PBXFileReference; fileEncoding = 4; lastKnownFileType = sourcecode.swift; path = TestDownloader.swift; sourceTree = "<group>"; };
		AA865938286A15D500A8C380 /* QuakesProvider.swift */ = {isa = PBXFileReference; fileEncoding = 4; lastKnownFileType = sourcecode.swift; path = QuakesProvider.swift; sourceTree = "<group>"; };
		AA865939286A15D500A8C380 /* QuakeClient.swift */ = {isa = PBXFileReference; fileEncoding = 4; lastKnownFileType = sourcecode.swift; path = QuakeClient.swift; sourceTree = "<group>"; };
		AA86593C286A160900A8C380 /* HTTPDataDownloader.swift */ = {isa = PBXFileReference; fileEncoding = 4; lastKnownFileType = sourcecode.swift; path = HTTPDataDownloader.swift; sourceTree = "<group>"; };
		AA988DD227E900B6004EA073 /* Quakes+Toolbar.swift */ = {isa = PBXFileReference; lastKnownFileType = sourcecode.swift; path = "Quakes+Toolbar.swift"; sourceTree = "<group>"; };
		AA988DD427E9016A004EA073 /* SelectButton.swift */ = {isa = PBXFileReference; lastKnownFileType = sourcecode.swift; path = SelectButton.swift; sourceTree = "<group>"; };
		AA988DD627E90189004EA073 /* EditButton.swift */ = {isa = PBXFileReference; lastKnownFileType = sourcecode.swift; path = EditButton.swift; sourceTree = "<group>"; };
		AA988DD827E901B0004EA073 /* RefreshButton.swift */ = {isa = PBXFileReference; lastKnownFileType = sourcecode.swift; path = RefreshButton.swift; sourceTree = "<group>"; };
		AA988DDA27E9028A004EA073 /* ToolbarStatus.swift */ = {isa = PBXFileReference; lastKnownFileType = sourcecode.swift; path = ToolbarStatus.swift; sourceTree = "<group>"; };
		AA988DDC27E9030A004EA073 /* DeleteButton.swift */ = {isa = PBXFileReference; lastKnownFileType = sourcecode.swift; path = DeleteButton.swift; sourceTree = "<group>"; };
		AD43F1E226158A640068AABC /* Earthquakes.app */ = {isa = PBXFileReference; explicitFileType = wrapper.application; includeInIndex = 0; path = Earthquakes.app; sourceTree = BUILT_PRODUCTS_DIR; };
		AD43F1E526158A640068AABC /* EarthquakesApp.swift */ = {isa = PBXFileReference; lastKnownFileType = sourcecode.swift; name = EarthquakesApp.swift; path = Earthquakes/EarthquakesApp.swift; sourceTree = "<group>"; };
		AD43F1E926158A660068AABC /* Assets.xcassets */ = {isa = PBXFileReference; lastKnownFileType = folder.assetcatalog; path = Assets.xcassets; sourceTree = "<group>"; };
		AD43F1EC26158A660068AABC /* Preview Assets.xcassets */ = {isa = PBXFileReference; lastKnownFileType = folder.assetcatalog; path = "Preview Assets.xcassets"; sourceTree = "<group>"; };
		AD43F1F826158CD50068AABC /* Quake.swift */ = {isa = PBXFileReference; lastKnownFileType = sourcecode.swift; path = Quake.swift; sourceTree = "<group>"; };
		AD57B10126561FE1005183D0 /* Quakes.swift */ = {isa = PBXFileReference; lastKnownFileType = sourcecode.swift; path = Quakes.swift; sourceTree = "<group>"; };
		ADDDB1802625242200241A73 /* QuakeRow.swift */ = {isa = PBXFileReference; lastKnownFileType = sourcecode.swift; path = QuakeRow.swift; sourceTree = "<group>"; };
		FA677DF52B80A516000F2946 /* QuakeWidgetExtension.appex */ = {isa = PBXFileReference; explicitFileType = "wrapper.app-extension"; includeInIndex = 0; path = QuakeWidgetExtension.appex; sourceTree = BUILT_PRODUCTS_DIR; };
		FA677DF92B80A516000F2946 /* QuakeWidgetBundle.swift */ = {isa = PBXFileReference; lastKnownFileType = sourcecode.swift; path = QuakeWidgetBundle.swift; sourceTree = "<group>"; };
		FA677DFD2B80A516000F2946 /* QuakeWidget.swift */ = {isa = PBXFileReference; lastKnownFileType = sourcecode.swift; path = QuakeWidget.swift; sourceTree = "<group>"; };
		FA677E012B80A517000F2946 /* Assets.xcassets */ = {isa = PBXFileReference; lastKnownFileType = folder.assetcatalog; path = Assets.xcassets; sourceTree = "<group>"; };
		FA677E032B80A517000F2946 /* Info.plist */ = {isa = PBXFileReference; lastKnownFileType = text.plist.xml; path = Info.plist; sourceTree = "<group>"; };
		FA6970322B790C140005FA13 /* CacheEntryObject.swift */ = {isa = PBXFileReference; lastKnownFileType = sourcecode.swift; path = CacheEntryObject.swift; sourceTree = "<group>"; };
		FA6970342B790C8B0005FA13 /* NSCacheSubscript.swift */ = {isa = PBXFileReference; lastKnownFileType = sourcecode.swift; path = NSCacheSubscript.swift; sourceTree = "<group>"; };
		FA6970362B79142D0005FA13 /* QuakePreview.swift */ = {isa = PBXFileReference; lastKnownFileType = sourcecode.swift; path = QuakePreview.swift; sourceTree = "<group>"; };
		FA6970382B7914950005FA13 /* QuakeDetailView.swift */ = {isa = PBXFileReference; lastKnownFileType = sourcecode.swift; path = QuakeDetailView.swift; sourceTree = "<group>"; };
		FA69703A2B7919E10005FA13 /* QuakeDetailMapView.swift */ = {isa = PBXFileReference; lastKnownFileType = sourcecode.swift; path = QuakeDetailMapView.swift; sourceTree = "<group>"; };
		FA8065082B7FE21300CB0B4A /* WidgetKit.framework */ = {isa = PBXFileReference; lastKnownFileType = wrapper.framework; name = WidgetKit.framework; path = System/Library/Frameworks/WidgetKit.framework; sourceTree = SDKROOT; };
		FA80650A2B7FE21300CB0B4A /* SwiftUI.framework */ = {isa = PBXFileReference; lastKnownFileType = wrapper.framework; name = SwiftUI.framework; path = System/Library/Frameworks/SwiftUI.framework; sourceTree = SDKROOT; };
		FABD4C5F2B7D21C800EDBE2D /* AllQuakesMap.swift */ = {isa = PBXFileReference; lastKnownFileType = sourcecode.swift; path = AllQuakesMap.swift; sourceTree = "<group>"; };
/* End PBXFileReference section */

/* Begin PBXFrameworksBuildPhase section */
		AA865926286A11E000A8C380 /* Frameworks */ = {
			isa = PBXFrameworksBuildPhase;
			buildActionMask = 2147483647;
			files = (
			);
			runOnlyForDeploymentPostprocessing = 0;
		};
		AD43F1DF26158A640068AABC /* Frameworks */ = {
			isa = PBXFrameworksBuildPhase;
			buildActionMask = 2147483647;
			files = (
			);
			runOnlyForDeploymentPostprocessing = 0;
		};
		FA677DF22B80A516000F2946 /* Frameworks */ = {
			isa = PBXFrameworksBuildPhase;
			buildActionMask = 2147483647;
			files = (
				FA677DF72B80A516000F2946 /* SwiftUI.framework in Frameworks */,
				FA677DF62B80A516000F2946 /* WidgetKit.framework in Frameworks */,
			);
			runOnlyForDeploymentPostprocessing = 0;
		};
/* End PBXFrameworksBuildPhase section */

/* Begin PBXGroup section */
		4FABF2CAC461AE822830A879 /* LICENSE */ = {
			isa = PBXGroup;
			children = (
				54CF5BED3CD9DE525986B01C /* LICENSE.txt */,
				20E8E62C4A6D78D282B06BA8 /* ACKNOWLEDGEMENTS.txt */,
			);
			path = LICENSE;
			sourceTree = "<group>";
		};
		AA86592A286A11E000A8C380 /* EarthquakesTests */ = {
			isa = PBXGroup;
			children = (
				AA86592B286A11E000A8C380 /* EarthquakesTests.swift */,
			);
			path = EarthquakesTests;
			sourceTree = "<group>";
		};
		AA988DD127E9007E004EA073 /* ToolbarContent */ = {
			isa = PBXGroup;
			children = (
				AA988DD227E900B6004EA073 /* Quakes+Toolbar.swift */,
				AA988DD427E9016A004EA073 /* SelectButton.swift */,
				AA988DD627E90189004EA073 /* EditButton.swift */,
				AA988DD827E901B0004EA073 /* RefreshButton.swift */,
				AA988DDA27E9028A004EA073 /* ToolbarStatus.swift */,
				AA988DDC27E9030A004EA073 /* DeleteButton.swift */,
			);
			path = ToolbarContent;
			sourceTree = "<group>";
		};
		AD2FC4C92654EF4500E135D2 /* Resources */ = {
			isa = PBXGroup;
			children = (
				AD43F1E926158A660068AABC /* Assets.xcassets */,
			);
			name = Resources;
			path = Earthquakes/Resources;
			sourceTree = "<group>";
		};
		AD43F1D926158A630068AABC = {
			isa = PBXGroup;
			children = (
				FA69702F2B790BE70005FA13 /* Cache */,
				AA2F4EAF276BA585009837CD /* README.md */,
				AD43F1E526158A640068AABC /* EarthquakesApp.swift */,
				ADFCD5352630D167008A14D0 /* Models */,
				ADFCD5362630DA13008A14D0 /* Views */,
				AD2FC4C92654EF4500E135D2 /* Resources */,
				AD43F1EB26158A660068AABC /* Preview Content */,
				AA86592A286A11E000A8C380 /* EarthquakesTests */,
				FA677DF82B80A516000F2946 /* QuakeWidget */,
				FA8065072B7FE21300CB0B4A /* Frameworks */,
				AD43F1E326158A640068AABC /* Products */,
				F38659F177DF4910BA5B5E33 /* Configuration */,
				4FABF2CAC461AE822830A879 /* LICENSE */,
			);
			sourceTree = "<group>";
		};
		AD43F1E326158A640068AABC /* Products */ = {
			isa = PBXGroup;
			children = (
				AD43F1E226158A640068AABC /* Earthquakes.app */,
				AA865929286A11E000A8C380 /* EarthquakesTests.xctest */,
				FA677DF52B80A516000F2946 /* QuakeWidgetExtension.appex */,
			);
			name = Products;
			sourceTree = "<group>";
		};
		AD43F1EB26158A660068AABC /* Preview Content */ = {
			isa = PBXGroup;
			children = (
				FA6970362B79142D0005FA13 /* QuakePreview.swift */,
				AA865934286A15A800A8C380 /* TestDownloader.swift */,
				AA865932286A121300A8C380 /* TestData.swift */,
				AD43F1EC26158A660068AABC /* Preview Assets.xcassets */,
			);
			name = "Preview Content";
			path = "Earthquakes/Preview Content";
			sourceTree = "<group>";
		};
		ADFCD5352630D167008A14D0 /* Models */ = {
			isa = PBXGroup;
			children = (
				AD43F1F826158CD50068AABC /* Quake.swift */,
				7CC62564273C2A9200F87758 /* Quake+Color.swift */,
				AA865921286A11CE00A8C380 /* GeoJSON.swift */,
				AA86591F286A11CE00A8C380 /* QuakeError.swift */,
				AA865920286A11CE00A8C380 /* QuakeLocation.swift */,
				AA86593C286A160900A8C380 /* HTTPDataDownloader.swift */,
				AA865939286A15D500A8C380 /* QuakeClient.swift */,
				AA865938286A15D500A8C380 /* QuakesProvider.swift */,
			);
			name = Models;
			path = Earthquakes/Models;
			sourceTree = "<group>";
		};
		ADFCD5362630DA13008A14D0 /* Views */ = {
			isa = PBXGroup;
			children = (
				FABD4C5F2B7D21C800EDBE2D /* AllQuakesMap.swift */,
				AD57B10126561FE1005183D0 /* Quakes.swift */,
				AA2F4EB3276BACEC009837CD /* QuakeMagnitude.swift */,
				FA69703A2B7919E10005FA13 /* QuakeDetailMapView.swift */,
				FA6970382B7914950005FA13 /* QuakeDetailView.swift */,
				ADDDB1802625242200241A73 /* QuakeRow.swift */,
				AA988DD127E9007E004EA073 /* ToolbarContent */,
			);
			name = Views;
			path = Earthquakes/Views;
			sourceTree = "<group>";
		};
		F38659F177DF4910BA5B5E33 /* Configuration */ = {
			isa = PBXGroup;
			children = (
				6EC8C05DC1E92B40CD3EBA87 /* SampleCode.xcconfig */,
			);
			name = Configuration;
			sourceTree = "<group>";
		};
		FA677DF82B80A516000F2946 /* QuakeWidget */ = {
			isa = PBXGroup;
			children = (
				FA677DF92B80A516000F2946 /* QuakeWidgetBundle.swift */,
				FA677DFD2B80A516000F2946 /* QuakeWidget.swift */,
				FA677E012B80A517000F2946 /* Assets.xcassets */,
				FA677E032B80A517000F2946 /* Info.plist */,
			);
			path = QuakeWidget;
			sourceTree = "<group>";
		};
		FA69702F2B790BE70005FA13 /* Cache */ = {
			isa = PBXGroup;
			children = (
				FA6970322B790C140005FA13 /* CacheEntryObject.swift */,
				FA6970342B790C8B0005FA13 /* NSCacheSubscript.swift */,
			);
			path = Cache;
			sourceTree = "<group>";
		};
		FA8065072B7FE21300CB0B4A /* Frameworks */ = {
			isa = PBXGroup;
			children = (
				FA8065082B7FE21300CB0B4A /* WidgetKit.framework */,
				FA80650A2B7FE21300CB0B4A /* SwiftUI.framework */,
			);
			name = Frameworks;
			sourceTree = "<group>";
		};
/* End PBXGroup section */

/* Begin PBXNativeTarget section */
		AA865928286A11E000A8C380 /* EarthquakesTests */ = {
			isa = PBXNativeTarget;
			buildConfigurationList = AA86592F286A11E000A8C380 /* Build configuration list for PBXNativeTarget "EarthquakesTests" */;
			buildPhases = (
				AA865925286A11E000A8C380 /* Sources */,
				AA865926286A11E000A8C380 /* Frameworks */,
				AA865927286A11E000A8C380 /* Resources */,
			);
			buildRules = (
			);
			dependencies = (
				AA86592E286A11E000A8C380 /* PBXTargetDependency */,
			);
			name = EarthquakesTests;
			productName = EarthquakesTests;
			productReference = AA865929286A11E000A8C380 /* EarthquakesTests.xctest */;
			productType = "com.apple.product-type.bundle.unit-test";
		};
		AD43F1E126158A640068AABC /* Earthquakes-iOS */ = {
			isa = PBXNativeTarget;
			buildConfigurationList = AD43F1F526158A660068AABC /* Build configuration list for PBXNativeTarget "Earthquakes-iOS" */;
			buildPhases = (
				AD43F1DE26158A640068AABC /* Sources */,
				AD43F1DF26158A640068AABC /* Frameworks */,
				AD43F1E026158A640068AABC /* Resources */,
				FA80651E2B7FE21500CB0B4A /* Embed Foundation Extensions */,
			);
			buildRules = (
			);
			dependencies = (
				FA677E052B80A517000F2946 /* PBXTargetDependency */,
			);
			name = "Earthquakes-iOS";
			productName = Earthquakes;
			productReference = AD43F1E226158A640068AABC /* Earthquakes.app */;
			productType = "com.apple.product-type.application";
		};
		FA677DF42B80A516000F2946 /* QuakeWidgetExtension */ = {
			isa = PBXNativeTarget;
			buildConfigurationList = FA677E072B80A517000F2946 /* Build configuration list for PBXNativeTarget "QuakeWidgetExtension" */;
			buildPhases = (
				FA677DF12B80A516000F2946 /* Sources */,
				FA677DF22B80A516000F2946 /* Frameworks */,
				FA677DF32B80A516000F2946 /* Resources */,
			);
			buildRules = (
			);
			dependencies = (
			);
			name = QuakeWidgetExtension;
			productName = QuakeWidgetExtension;
			productReference = FA677DF52B80A516000F2946 /* QuakeWidgetExtension.appex */;
			productType = "com.apple.product-type.app-extension";
		};
/* End PBXNativeTarget section */

/* Begin PBXProject section */
		AD43F1DA26158A630068AABC /* Project object */ = {
			isa = PBXProject;
			attributes = {
				BuildIndependentTargetsInParallel = YES;
				DefaultBuildSystemTypeForWorkspace = Latest;
				LastSwiftUpdateCheck = 1520;
				LastUpgradeCheck = 1520;
				ORGANIZATIONNAME = Apple;
				TargetAttributes = {
					AA865928286A11E000A8C380 = {
						CreatedOnToolsVersion = 13.4;
						TestTargetID = AD43F1E126158A640068AABC;
					};
					AD43F1E126158A640068AABC = {
						CreatedOnToolsVersion = 13.0;
					};
					FA677DF42B80A516000F2946 = {
						CreatedOnToolsVersion = 15.2;
					};
				};
			};
			buildConfigurationList = AD43F1DD26158A630068AABC /* Build configuration list for PBXProject "Earthquakes" */;
			compatibilityVersion = "Xcode 9.3";
			developmentRegion = en;
			hasScannedForEncodings = 0;
			knownRegions = (
				en,
				Base,
			);
			mainGroup = AD43F1D926158A630068AABC;
			productRefGroup = AD43F1E326158A640068AABC /* Products */;
			projectDirPath = "";
			projectRoot = "";
			targets = (
				AD43F1E126158A640068AABC /* Earthquakes-iOS */,
				AA865928286A11E000A8C380 /* EarthquakesTests */,
				FA677DF42B80A516000F2946 /* QuakeWidgetExtension */,
			);
		};
/* End PBXProject section */

/* Begin PBXResourcesBuildPhase section */
		AA865927286A11E000A8C380 /* Resources */ = {
			isa = PBXResourcesBuildPhase;
			buildActionMask = 2147483647;
			files = (
			);
			runOnlyForDeploymentPostprocessing = 0;
		};
		AD43F1E026158A640068AABC /* Resources */ = {
			isa = PBXResourcesBuildPhase;
			buildActionMask = 2147483647;
			files = (
				AD43F1ED26158A660068AABC /* Preview Assets.xcassets in Resources */,
				AD43F1EA26158A660068AABC /* Assets.xcassets in Resources */,
			);
			runOnlyForDeploymentPostprocessing = 0;
		};
		FA677DF32B80A516000F2946 /* Resources */ = {
			isa = PBXResourcesBuildPhase;
			buildActionMask = 2147483647;
			files = (
				FA677E022B80A517000F2946 /* Assets.xcassets in Resources */,
			);
			runOnlyForDeploymentPostprocessing = 0;
		};
/* End PBXResourcesBuildPhase section */

/* Begin PBXSourcesBuildPhase section */
		AA865925286A11E000A8C380 /* Sources */ = {
			isa = PBXSourcesBuildPhase;
			buildActionMask = 2147483647;
			files = (
				FA677E3E2B80AABA000F2946 /* TestDownloader.swift in Sources */,
				FA677E0F2B80AA16000F2946 /* QuakeMagnitude.swift in Sources */,
				FA677E262B80AA83000F2946 /* Quakes.swift in Sources */,
				FA677E242B80AA7D000F2946 /* AllQuakesMap.swift in Sources */,
				FA677E322B80AAA7000F2946 /* EditButton.swift in Sources */,
				FA677E3C2B80AAB6000F2946 /* QuakePreview.swift in Sources */,
				FA677E132B80AA36000F2946 /* Quake+Color.swift in Sources */,
				FA677E162B80AA3B000F2946 /* QuakeClient.swift in Sources */,
				FA677E1A2B80AA67000F2946 /* NSCacheSubscript.swift in Sources */,
				FA677E362B80AAAC000F2946 /* RefreshButton.swift in Sources */,
				FA677E142B80AA39000F2946 /* QuakeLocation.swift in Sources */,
				FA677E2E2B80AA99000F2946 /* Quakes+Toolbar.swift in Sources */,
				FA677E1E2B80AA70000F2946 /* GeoJSON.swift in Sources */,
				FA677E182B80AA64000F2946 /* CacheEntryObject.swift in Sources */,
				FA677E2A2B80AA8D000F2946 /* QuakeDetailView.swift in Sources */,
				FA677E372B80AAAE000F2946 /* ToolbarStatus.swift in Sources */,
				FA677E2C2B80AA90000F2946 /* QuakeRow.swift in Sources */,
				FA677E302B80AAA4000F2946 /* SelectButton.swift in Sources */,
				FA677E402B80AABC000F2946 /* TestData.swift in Sources */,
				FA677E222B80AA76000F2946 /* HTTPDataDownloader.swift in Sources */,
				FA677E282B80AA8B000F2946 /* QuakeDetailMapView.swift in Sources */,
				AA86592C286A11E000A8C380 /* EarthquakesTests.swift in Sources */,
				FA677E202B80AA72000F2946 /* QuakeError.swift in Sources */,
				FA677E0D2B80AA0E000F2946 /* Quake.swift in Sources */,
				FA677E112B80AA1A000F2946 /* QuakesProvider.swift in Sources */,
				FA677E0B2B80A522000F2946 /* QuakeWidget.swift in Sources */,
				FA677E392B80AAB0000F2946 /* DeleteButton.swift in Sources */,
			);
			runOnlyForDeploymentPostprocessing = 0;
		};
		AD43F1DE26158A640068AABC /* Sources */ = {
			isa = PBXSourcesBuildPhase;
			buildActionMask = 2147483647;
			files = (
				FA6970372B79142D0005FA13 /* QuakePreview.swift in Sources */,
				AA2F4EB4276BACEC009837CD /* QuakeMagnitude.swift in Sources */,
				AA865923286A11CE00A8C380 /* QuakeLocation.swift in Sources */,
				AA86593A286A15D500A8C380 /* QuakesProvider.swift in Sources */,
				AA988DD527E9016A004EA073 /* SelectButton.swift in Sources */,
				ADDDB1812625242200241A73 /* QuakeRow.swift in Sources */,
				FA677E0A2B80A521000F2946 /* QuakeWidget.swift in Sources */,
				AA86593E286A162000A8C380 /* TestDownloader.swift in Sources */,
				FA6970332B790C140005FA13 /* CacheEntryObject.swift in Sources */,
				AA865924286A11CE00A8C380 /* GeoJSON.swift in Sources */,
				FA677E332B80AAA8000F2946 /* EditButton.swift in Sources */,
				7CC62565273C2A9200F87758 /* Quake+Color.swift in Sources */,
				AD43F1E626158A640068AABC /* EarthquakesApp.swift in Sources */,
				FA6970352B790C8B0005FA13 /* NSCacheSubscript.swift in Sources */,
				AA988DDB27E9028A004EA073 /* ToolbarStatus.swift in Sources */,
				AA865936286A15AB00A8C380 /* TestData.swift in Sources */,
				AA988DD327E900B6004EA073 /* Quakes+Toolbar.swift in Sources */,
				AA86593D286A160900A8C380 /* HTTPDataDownloader.swift in Sources */,
				AA988DDD27E9030A004EA073 /* DeleteButton.swift in Sources */,
				FA69703B2B7919E10005FA13 /* QuakeDetailMapView.swift in Sources */,
				AA865922286A11CE00A8C380 /* QuakeError.swift in Sources */,
				AA988DD927E901B0004EA073 /* RefreshButton.swift in Sources */,
				AD57B10226561FE1005183D0 /* Quakes.swift in Sources */,
				FA6970392B7914950005FA13 /* QuakeDetailView.swift in Sources */,
				AA86593B286A15D500A8C380 /* QuakeClient.swift in Sources */,
				FABD4C602B7D21C800EDBE2D /* AllQuakesMap.swift in Sources */,
				AD43F1FA26158CD50068AABC /* Quake.swift in Sources */,
			);
			runOnlyForDeploymentPostprocessing = 0;
		};
		FA677DF12B80A516000F2946 /* Sources */ = {
			isa = PBXSourcesBuildPhase;
			buildActionMask = 2147483647;
			files = (
				FA677E0E2B80AA15000F2946 /* QuakeMagnitude.swift in Sources */,
				FA677E3D2B80AAB9000F2946 /* TestDownloader.swift in Sources */,
				FA677E2F2B80AA9C000F2946 /* Quakes+Toolbar.swift in Sources */,
				FA677E3F2B80AABC000F2946 /* TestData.swift in Sources */,
				FA677E2B2B80AA8E000F2946 /* QuakeDetailView.swift in Sources */,
				FA677E102B80AA1A000F2946 /* QuakesProvider.swift in Sources */,
				FA677E382B80AAAE000F2946 /* ToolbarStatus.swift in Sources */,
				FA677E1F2B80AA70000F2946 /* GeoJSON.swift in Sources */,
				FA677E192B80AA64000F2946 /* CacheEntryObject.swift in Sources */,
				FA677E272B80AA84000F2946 /* Quakes.swift in Sources */,
				FA677E3B2B80AAB5000F2946 /* QuakePreview.swift in Sources */,
				FA677E1B2B80AA67000F2946 /* NSCacheSubscript.swift in Sources */,
				FA677E2D2B80AA90000F2946 /* QuakeRow.swift in Sources */,
				FA677E352B80AAAB000F2946 /* RefreshButton.swift in Sources */,
				FA677E252B80AA7E000F2946 /* AllQuakesMap.swift in Sources */,
				FA677E342B80AAA8000F2946 /* EditButton.swift in Sources */,
				FA677E172B80AA3C000F2946 /* QuakeClient.swift in Sources */,
				FA677E0C2B80AA0D000F2946 /* Quake.swift in Sources */,
				FA677E292B80AA8B000F2946 /* QuakeDetailMapView.swift in Sources */,
				FA677E212B80AA72000F2946 /* QuakeError.swift in Sources */,
				FA677E152B80AA39000F2946 /* QuakeLocation.swift in Sources */,
				FA677E312B80AAA5000F2946 /* SelectButton.swift in Sources */,
				FA677E232B80AA77000F2946 /* HTTPDataDownloader.swift in Sources */,
				FA677E3A2B80AAB1000F2946 /* DeleteButton.swift in Sources */,
				FA677E122B80AA35000F2946 /* Quake+Color.swift in Sources */,
				FA677DFE2B80A516000F2946 /* QuakeWidget.swift in Sources */,
				FA677DFA2B80A516000F2946 /* QuakeWidgetBundle.swift in Sources */,
			);
			runOnlyForDeploymentPostprocessing = 0;
		};
/* End PBXSourcesBuildPhase section */

/* Begin PBXTargetDependency section */
		AA86592E286A11E000A8C380 /* PBXTargetDependency */ = {
			isa = PBXTargetDependency;
			target = AD43F1E126158A640068AABC /* Earthquakes-iOS */;
			targetProxy = AA86592D286A11E000A8C380 /* PBXContainerItemProxy */;
		};
		FA677E052B80A517000F2946 /* PBXTargetDependency */ = {
			isa = PBXTargetDependency;
			target = FA677DF42B80A516000F2946 /* QuakeWidgetExtension */;
			targetProxy = FA677E042B80A517000F2946 /* PBXContainerItemProxy */;
		};
/* End PBXTargetDependency section */

/* Begin XCBuildConfiguration section */
		AA865930286A11E000A8C380 /* Debug */ = {
			isa = XCBuildConfiguration;
			buildSettings = {
				BUNDLE_LOADER = "$(TEST_HOST)";
				CLANG_CXX_LANGUAGE_STANDARD = "gnu++17";
				"CODE_SIGN_IDENTITY[sdk=macosx*]" = "-";
				CODE_SIGN_STYLE = Automatic;
				CURRENT_PROJECT_VERSION = 1;
				DEVELOPMENT_TEAM = 2GA7LD95C7;
				GENERATE_INFOPLIST_FILE = YES;
				IPHONEOS_DEPLOYMENT_TARGET = 15.5;
				MARKETING_VERSION = 1.0;
				PRODUCT_BUNDLE_IDENTIFIER = com.apple.training.EarthquakesTests;
				PRODUCT_NAME = "$(TARGET_NAME)";
				SWIFT_EMIT_LOC_STRINGS = NO;
				SWIFT_VERSION = 5.0;
				TARGETED_DEVICE_FAMILY = "1,2";
				TEST_HOST = "$(BUILT_PRODUCTS_DIR)/Earthquakes.app/Earthquakes";
			};
			name = Debug;
		};
		AA865931286A11E000A8C380 /* Release */ = {
			isa = XCBuildConfiguration;
			buildSettings = {
				BUNDLE_LOADER = "$(TEST_HOST)";
				CLANG_CXX_LANGUAGE_STANDARD = "gnu++17";
				"CODE_SIGN_IDENTITY[sdk=macosx*]" = "-";
				CODE_SIGN_STYLE = Automatic;
				CURRENT_PROJECT_VERSION = 1;
				DEVELOPMENT_TEAM = 2GA7LD95C7;
				GENERATE_INFOPLIST_FILE = YES;
				IPHONEOS_DEPLOYMENT_TARGET = 15.5;
				MARKETING_VERSION = 1.0;
				PRODUCT_BUNDLE_IDENTIFIER = com.apple.training.EarthquakesTests;
				PRODUCT_NAME = "$(TARGET_NAME)";
				SWIFT_EMIT_LOC_STRINGS = NO;
				SWIFT_VERSION = 5.0;
				TARGETED_DEVICE_FAMILY = "1,2";
				TEST_HOST = "$(BUILT_PRODUCTS_DIR)/Earthquakes.app/Earthquakes";
			};
			name = Release;
		};
		AD43F1F326158A660068AABC /* Debug */ = {
			isa = XCBuildConfiguration;
			baseConfigurationReference = 6EC8C05DC1E92B40CD3EBA87 /* SampleCode.xcconfig */;
			buildSettings = {
				ALWAYS_SEARCH_USER_PATHS = NO;
				CLANG_ANALYZER_NONNULL = YES;
				CLANG_ANALYZER_NUMBER_OBJECT_CONVERSION = YES_AGGRESSIVE;
				CLANG_CXX_LANGUAGE_STANDARD = "gnu++14";
				CLANG_CXX_LIBRARY = "libc++";
				CLANG_ENABLE_MODULES = YES;
				CLANG_ENABLE_OBJC_ARC = YES;
				CLANG_ENABLE_OBJC_WEAK = YES;
				CLANG_WARN_BLOCK_CAPTURE_AUTORELEASING = YES;
				CLANG_WARN_BOOL_CONVERSION = YES;
				CLANG_WARN_COMMA = YES;
				CLANG_WARN_CONSTANT_CONVERSION = YES;
				CLANG_WARN_DEPRECATED_OBJC_IMPLEMENTATIONS = YES;
				CLANG_WARN_DIRECT_OBJC_ISA_USAGE = YES_ERROR;
				CLANG_WARN_DOCUMENTATION_COMMENTS = YES;
				CLANG_WARN_EMPTY_BODY = YES;
				CLANG_WARN_ENUM_CONVERSION = YES;
				CLANG_WARN_INFINITE_RECURSION = YES;
				CLANG_WARN_INT_CONVERSION = YES;
				CLANG_WARN_NON_LITERAL_NULL_CONVERSION = YES;
				CLANG_WARN_OBJC_IMPLICIT_RETAIN_SELF = YES;
				CLANG_WARN_OBJC_LITERAL_CONVERSION = YES;
				CLANG_WARN_OBJC_ROOT_CLASS = YES_ERROR;
				CLANG_WARN_QUOTED_INCLUDE_IN_FRAMEWORK_HEADER = YES;
				CLANG_WARN_RANGE_LOOP_ANALYSIS = YES;
				CLANG_WARN_STRICT_PROTOTYPES = YES;
				CLANG_WARN_SUSPICIOUS_MOVE = YES;
				CLANG_WARN_UNGUARDED_AVAILABILITY = YES_AGGRESSIVE;
				CLANG_WARN_UNREACHABLE_CODE = YES;
				CLANG_WARN__DUPLICATE_METHOD_MATCH = YES;
				"CODE_SIGN_IDENTITY[sdk=macosx*]" = "-";
				COPY_PHASE_STRIP = NO;
				DEBUG_INFORMATION_FORMAT = dwarf;
				ENABLE_STRICT_OBJC_MSGSEND = YES;
				ENABLE_TESTABILITY = YES;
				GCC_C_LANGUAGE_STANDARD = gnu11;
				GCC_DYNAMIC_NO_PIC = NO;
				GCC_NO_COMMON_BLOCKS = YES;
				GCC_OPTIMIZATION_LEVEL = 0;
				GCC_PREPROCESSOR_DEFINITIONS = (
					"DEBUG=1",
					"$(inherited)",
				);
				GCC_WARN_64_TO_32_BIT_CONVERSION = YES;
				GCC_WARN_ABOUT_RETURN_TYPE = YES_ERROR;
				GCC_WARN_UNDECLARED_SELECTOR = YES;
				GCC_WARN_UNINITIALIZED_AUTOS = YES_AGGRESSIVE;
				GCC_WARN_UNUSED_FUNCTION = YES;
				GCC_WARN_UNUSED_VARIABLE = YES;
				IPHONEOS_DEPLOYMENT_TARGET = 15.0;
				MTL_ENABLE_DEBUG_INFO = INCLUDE_SOURCE;
				MTL_FAST_MATH = YES;
				ONLY_ACTIVE_ARCH = YES;
				SDKROOT = iphoneos;
				SWIFT_ACTIVE_COMPILATION_CONDITIONS = DEBUG;
				SWIFT_OPTIMIZATION_LEVEL = "-Onone";
			};
			name = Debug;
		};
		AD43F1F426158A660068AABC /* Release */ = {
			isa = XCBuildConfiguration;
			baseConfigurationReference = 6EC8C05DC1E92B40CD3EBA87 /* SampleCode.xcconfig */;
			buildSettings = {
				ALWAYS_SEARCH_USER_PATHS = NO;
				CLANG_ANALYZER_NONNULL = YES;
				CLANG_ANALYZER_NUMBER_OBJECT_CONVERSION = YES_AGGRESSIVE;
				CLANG_CXX_LANGUAGE_STANDARD = "gnu++14";
				CLANG_CXX_LIBRARY = "libc++";
				CLANG_ENABLE_MODULES = YES;
				CLANG_ENABLE_OBJC_ARC = YES;
				CLANG_ENABLE_OBJC_WEAK = YES;
				CLANG_WARN_BLOCK_CAPTURE_AUTORELEASING = YES;
				CLANG_WARN_BOOL_CONVERSION = YES;
				CLANG_WARN_COMMA = YES;
				CLANG_WARN_CONSTANT_CONVERSION = YES;
				CLANG_WARN_DEPRECATED_OBJC_IMPLEMENTATIONS = YES;
				CLANG_WARN_DIRECT_OBJC_ISA_USAGE = YES_ERROR;
				CLANG_WARN_DOCUMENTATION_COMMENTS = YES;
				CLANG_WARN_EMPTY_BODY = YES;
				CLANG_WARN_ENUM_CONVERSION = YES;
				CLANG_WARN_INFINITE_RECURSION = YES;
				CLANG_WARN_INT_CONVERSION = YES;
				CLANG_WARN_NON_LITERAL_NULL_CONVERSION = YES;
				CLANG_WARN_OBJC_IMPLICIT_RETAIN_SELF = YES;
				CLANG_WARN_OBJC_LITERAL_CONVERSION = YES;
				CLANG_WARN_OBJC_ROOT_CLASS = YES_ERROR;
				CLANG_WARN_QUOTED_INCLUDE_IN_FRAMEWORK_HEADER = YES;
				CLANG_WARN_RANGE_LOOP_ANALYSIS = YES;
				CLANG_WARN_STRICT_PROTOTYPES = YES;
				CLANG_WARN_SUSPICIOUS_MOVE = YES;
				CLANG_WARN_UNGUARDED_AVAILABILITY = YES_AGGRESSIVE;
				CLANG_WARN_UNREACHABLE_CODE = YES;
				CLANG_WARN__DUPLICATE_METHOD_MATCH = YES;
				"CODE_SIGN_IDENTITY[sdk=macosx*]" = "-";
				COPY_PHASE_STRIP = NO;
				DEBUG_INFORMATION_FORMAT = "dwarf-with-dsym";
				ENABLE_NS_ASSERTIONS = NO;
				ENABLE_STRICT_OBJC_MSGSEND = YES;
				GCC_C_LANGUAGE_STANDARD = gnu11;
				GCC_NO_COMMON_BLOCKS = YES;
				GCC_WARN_64_TO_32_BIT_CONVERSION = YES;
				GCC_WARN_ABOUT_RETURN_TYPE = YES_ERROR;
				GCC_WARN_UNDECLARED_SELECTOR = YES;
				GCC_WARN_UNINITIALIZED_AUTOS = YES_AGGRESSIVE;
				GCC_WARN_UNUSED_FUNCTION = YES;
				GCC_WARN_UNUSED_VARIABLE = YES;
				IPHONEOS_DEPLOYMENT_TARGET = 15.0;
				MTL_ENABLE_DEBUG_INFO = NO;
				MTL_FAST_MATH = YES;
				SDKROOT = iphoneos;
				SWIFT_COMPILATION_MODE = wholemodule;
				SWIFT_OPTIMIZATION_LEVEL = "-O";
				VALIDATE_PRODUCT = YES;
			};
			name = Release;
		};
		AD43F1F626158A660068AABC /* Debug */ = {
			isa = XCBuildConfiguration;
			baseConfigurationReference = 6EC8C05DC1E92B40CD3EBA87 /* SampleCode.xcconfig */;
			buildSettings = {
				ALWAYS_EMBED_SWIFT_STANDARD_LIBRARIES = YES;
				ASSETCATALOG_COMPILER_APPICON_NAME = AppIcon;
				ASSETCATALOG_COMPILER_GLOBAL_ACCENT_COLOR_NAME = AccentColor;
				"CODE_SIGN_IDENTITY[sdk=macosx*]" = "-";
				CODE_SIGN_STYLE = Automatic;
				CURRENT_PROJECT_VERSION = 1;
				DEVELOPMENT_ASSET_PATHS = "\"Earthquakes/Preview Content\"";
				DEVELOPMENT_TEAM = 2GA7LD95C7;
				ENABLE_PREVIEWS = YES;
				GENERATE_INFOPLIST_FILE = YES;
				INFOPLIST_KEY_UIApplicationSceneManifest_Generation = YES;
				INFOPLIST_KEY_UIApplicationSupportsIndirectInputEvents = YES;
				INFOPLIST_KEY_UILaunchScreen_Generation = YES;
				INFOPLIST_KEY_UISupportedInterfaceOrientations_iPad = "UIInterfaceOrientationPortrait UIInterfaceOrientationPortraitUpsideDown UIInterfaceOrientationLandscapeLeft UIInterfaceOrientationLandscapeRight";
				INFOPLIST_KEY_UISupportedInterfaceOrientations_iPhone = "UIInterfaceOrientationPortrait UIInterfaceOrientationLandscapeLeft UIInterfaceOrientationLandscapeRight";
				IPHONEOS_DEPLOYMENT_TARGET = 15.0;
				LD_RUNPATH_SEARCH_PATHS = (
					"$(inherited)",
					"@executable_path/Frameworks",
				);
				MARKETING_VERSION = 1.0;
				OTHER_SWIFT_FLAGS = "-Xfrontend -enable-experimental-concurrency";
				PRODUCT_BUNDLE_IDENTIFIER = "com.example.apple-samplecode.Earthquakes${SAMPLE_CODE_DISAMBIGUATOR}";
				PRODUCT_NAME = Earthquakes;
				PROVISIONING_PROFILE_SPECIFIER = "";
				SDKROOT = iphoneos;
				SUPPORTS_MACCATALYST = NO;
				SWIFT_VERSION = 5.0;
				TARGETED_DEVICE_FAMILY = "1,2";
			};
			name = Debug;
		};
		AD43F1F726158A660068AABC /* Release */ = {
			isa = XCBuildConfiguration;
			baseConfigurationReference = 6EC8C05DC1E92B40CD3EBA87 /* SampleCode.xcconfig */;
			buildSettings = {
				ALWAYS_EMBED_SWIFT_STANDARD_LIBRARIES = YES;
				ASSETCATALOG_COMPILER_APPICON_NAME = AppIcon;
				ASSETCATALOG_COMPILER_GLOBAL_ACCENT_COLOR_NAME = AccentColor;
				"CODE_SIGN_IDENTITY[sdk=macosx*]" = "-";
				CODE_SIGN_STYLE = Automatic;
				CURRENT_PROJECT_VERSION = 1;
				DEVELOPMENT_ASSET_PATHS = "\"Earthquakes/Preview Content\"";
				DEVELOPMENT_TEAM = 2GA7LD95C7;
				ENABLE_PREVIEWS = YES;
				GENERATE_INFOPLIST_FILE = YES;
				INFOPLIST_KEY_UIApplicationSceneManifest_Generation = YES;
				INFOPLIST_KEY_UIApplicationSupportsIndirectInputEvents = YES;
				INFOPLIST_KEY_UILaunchScreen_Generation = YES;
				INFOPLIST_KEY_UISupportedInterfaceOrientations_iPad = "UIInterfaceOrientationPortrait UIInterfaceOrientationPortraitUpsideDown UIInterfaceOrientationLandscapeLeft UIInterfaceOrientationLandscapeRight";
				INFOPLIST_KEY_UISupportedInterfaceOrientations_iPhone = "UIInterfaceOrientationPortrait UIInterfaceOrientationLandscapeLeft UIInterfaceOrientationLandscapeRight";
				IPHONEOS_DEPLOYMENT_TARGET = 15.0;
				LD_RUNPATH_SEARCH_PATHS = (
					"$(inherited)",
					"@executable_path/Frameworks",
				);
				MARKETING_VERSION = 1.0;
				OTHER_SWIFT_FLAGS = "-Xfrontend -enable-experimental-concurrency";
				PRODUCT_BUNDLE_IDENTIFIER = "com.example.apple-samplecode.Earthquakes${SAMPLE_CODE_DISAMBIGUATOR}";
				PRODUCT_NAME = Earthquakes;
				PROVISIONING_PROFILE_SPECIFIER = "";
				SDKROOT = iphoneos;
				SUPPORTS_MACCATALYST = NO;
				SWIFT_VERSION = 5.0;
				TARGETED_DEVICE_FAMILY = "1,2";
			};
			name = Release;
		};
		FA677E082B80A517000F2946 /* Debug */ = {
			isa = XCBuildConfiguration;
			buildSettings = {
				ASSETCATALOG_COMPILER_GENERATE_SWIFT_ASSET_SYMBOL_EXTENSIONS = YES;
				ASSETCATALOG_COMPILER_GLOBAL_ACCENT_COLOR_NAME = AccentColor;
				ASSETCATALOG_COMPILER_WIDGET_BACKGROUND_COLOR_NAME = WidgetBackground;
				CLANG_CXX_LANGUAGE_STANDARD = "gnu++20";
				"CODE_SIGN_IDENTITY[sdk=macosx*]" = "-";
				CODE_SIGN_STYLE = Automatic;
				CURRENT_PROJECT_VERSION = 1;
				DEVELOPMENT_TEAM = 2GA7LD95C7;
				ENABLE_USER_SCRIPT_SANDBOXING = YES;
				GCC_C_LANGUAGE_STANDARD = gnu17;
				GENERATE_INFOPLIST_FILE = YES;
				INFOPLIST_FILE = QuakeWidget/Info.plist;
				INFOPLIST_KEY_CFBundleDisplayName = QuakeWidget;
				INFOPLIST_KEY_NSHumanReadableCopyright = "Copyright © 2024 Apple. All rights reserved.";
				IPHONEOS_DEPLOYMENT_TARGET = 17.2;
				LD_RUNPATH_SEARCH_PATHS = (
					"$(inherited)",
					"@executable_path/Frameworks",
					"@executable_path/../../Frameworks",
				);
				LOCALIZATION_PREFERS_STRING_CATALOGS = YES;
				MARKETING_VERSION = 1.0;
				PRODUCT_BUNDLE_IDENTIFIER = "com.example.apple-samplecode.Earthquakes.QuakeWidget";
				PRODUCT_NAME = "$(TARGET_NAME)";
				SKIP_INSTALL = YES;
				SWIFT_ACTIVE_COMPILATION_CONDITIONS = "DEBUG $(inherited)";
				SWIFT_EMIT_LOC_STRINGS = YES;
				SWIFT_VERSION = 5.0;
				TARGETED_DEVICE_FAMILY = "1,2";
			};
			name = Debug;
		};
		FA677E092B80A517000F2946 /* Release */ = {
			isa = XCBuildConfiguration;
			buildSettings = {
				ASSETCATALOG_COMPILER_GENERATE_SWIFT_ASSET_SYMBOL_EXTENSIONS = YES;
				ASSETCATALOG_COMPILER_GLOBAL_ACCENT_COLOR_NAME = AccentColor;
				ASSETCATALOG_COMPILER_WIDGET_BACKGROUND_COLOR_NAME = WidgetBackground;
				CLANG_CXX_LANGUAGE_STANDARD = "gnu++20";
				"CODE_SIGN_IDENTITY[sdk=macosx*]" = "-";
				CODE_SIGN_STYLE = Automatic;
				CURRENT_PROJECT_VERSION = 1;
				DEVELOPMENT_TEAM = 2GA7LD95C7;
				ENABLE_USER_SCRIPT_SANDBOXING = YES;
				GCC_C_LANGUAGE_STANDARD = gnu17;
				GENERATE_INFOPLIST_FILE = YES;
				INFOPLIST_FILE = QuakeWidget/Info.plist;
				INFOPLIST_KEY_CFBundleDisplayName = QuakeWidget;
				INFOPLIST_KEY_NSHumanReadableCopyright = "Copyright © 2024 Apple. All rights reserved.";
				IPHONEOS_DEPLOYMENT_TARGET = 17.2;
				LD_RUNPATH_SEARCH_PATHS = (
					"$(inherited)",
					"@executable_path/Frameworks",
					"@executable_path/../../Frameworks",
				);
				LOCALIZATION_PREFERS_STRING_CATALOGS = YES;
				MARKETING_VERSION = 1.0;
				PRODUCT_BUNDLE_IDENTIFIER = "com.example.apple-samplecode.Earthquakes.QuakeWidget";
				PRODUCT_NAME = "$(TARGET_NAME)";
				SKIP_INSTALL = YES;
				SWIFT_EMIT_LOC_STRINGS = YES;
				SWIFT_VERSION = 5.0;
				TARGETED_DEVICE_FAMILY = "1,2";
			};
			name = Release;
		};
/* End XCBuildConfiguration section */

/* Begin XCConfigurationList section */
		AA86592F286A11E000A8C380 /* Build configuration list for PBXNativeTarget "EarthquakesTests" */ = {
			isa = XCConfigurationList;
			buildConfigurations = (
				AA865930286A11E000A8C380 /* Debug */,
				AA865931286A11E000A8C380 /* Release */,
			);
			defaultConfigurationIsVisible = 0;
			defaultConfigurationName = Release;
		};
		AD43F1DD26158A630068AABC /* Build configuration list for PBXProject "Earthquakes" */ = {
			isa = XCConfigurationList;
			buildConfigurations = (
				AD43F1F326158A660068AABC /* Debug */,
				AD43F1F426158A660068AABC /* Release */,
			);
			defaultConfigurationIsVisible = 0;
			defaultConfigurationName = Release;
		};
		AD43F1F526158A660068AABC /* Build configuration list for PBXNativeTarget "Earthquakes-iOS" */ = {
			isa = XCConfigurationList;
			buildConfigurations = (
				AD43F1F626158A660068AABC /* Debug */,
				AD43F1F726158A660068AABC /* Release */,
			);
			defaultConfigurationIsVisible = 0;
			defaultConfigurationName = Release;
		};
		FA677E072B80A517000F2946 /* Build configuration list for PBXNativeTarget "QuakeWidgetExtension" */ = {
			isa = XCConfigurationList;
			buildConfigurations = (
				FA677E082B80A517000F2946 /* Debug */,
				FA677E092B80A517000F2946 /* Release */,
			);
			defaultConfigurationIsVisible = 0;
			defaultConfigurationName = Release;
		};
/* End XCConfigurationList section */
	};
	rootObject = AD43F1DA26158A630068AABC /* Project object */;
}
